
Microsoft Visual Studio Solution File, Format Version 12.00
# Visual Studio Version 17
VisualStudioVersion = 17.9.34728.123
MinimumVisualStudioVersion = 10.0.40219.1
Project("{8BC9CEB8-8B4A-11D0-8D11-00A0C91BC942}") = "SsePackedFloatingPointLeastSquares", "SsePackedFloatingPointLeastSquares.vcxproj", "{563A47D3-9E24-4A12-9A9B-2A02478C53A2}"
EndProject
Global
	GlobalSection(SolutionConfigurationPlatforms) = preSolution
		Debug|x64 = Debug|x64
		Debug|x86 = Debug|x86
		Release|x64 = Release|x64
		Release|x86 = Release|x86
	EndGlobalSection
	GlobalSection(ProjectConfigurationPlatforms) = postSolution
		{563A47D3-9E24-4A12-9A9B-2A02478C53A2}.Debug|x64.ActiveCfg = Debug|Win32
		{563A47D3-9E24-4A12-9A9B-2A02478C53A2}.Debug|x64.Build.0 = Debug|Win32
		{563A47D3-9E24-4A12-9A9B-2A02478C53A2}.Debug|x86.ActiveCfg = Debug|Win32
		{563A47D3-9E24-4A12-9A9B-2A02478C53A2}.Debug|x86.Build.0 = Debug|Win32
		{563A47D3-9E24-4A12-9A9B-2A02478C53A2}.Release|x64.ActiveCfg = Release|x64
		{563A47D3-9E24-4A12-9A9B-2A02478C53A2}.Release|x64.Build.0 = Release|x64
		{563A47D3-9E24-4A12-9A9B-2A02478C53A2}.Release|x86.ActiveCfg = Release|Win32
		{563A47D3-9E24-4A12-9A9B-2A02478C53A2}.Release|x86.Build.0 = Release|Win32
	EndGlobalSection
	GlobalSection(SolutionProperties) = preSolution
		HideSolutionNode = FALSE
	EndGlobalSection
	GlobalSection(ExtensibilityGlobals) = postSolution
		SolutionGuid = {9C2F2D23-E19B-42DE-BDF5-BEFA34E20027}
	EndGlobalSection
EndGlobal
